<?xml version="1.0" encoding="utf-8"?>
<Project ToolsVersion="14.0" xmlns="http://schemas.microsoft.com/developer/msbuild/2003">
  <ItemGroup>
    <Filter Include="Common">
      <UniqueIdentifier>f057ee5a-dcce-4b44-87ab-b210ff0400f7</UniqueIdentifier>
    </Filter>
    <Filter Include="Assets">
      <UniqueIdentifier>f1426906-be6c-4aa1-9819-794c287841b6</UniqueIdentifier>
      <Extensions>bmp;fbx;gif;jpg;jpeg;tga;tiff;tif;png</Extensions>
    </Filter>
  </ItemGroup>
  <ItemGroup>
    <ApplicationDefinition Include="App.xaml" />
  </ItemGroup>
  <ItemGroup>
    <ClCompile Include="App.xaml.cpp" />
    <ClCompile Include="MainPage.xaml.cpp" />
    <ClCompile Include="pch.cpp" />
    <ClCompile Include="OrderPage.xaml.cpp" />
    <ClCompile Include="ExpeditePage.xaml.cpp" />
    <ClCompile Include="DataManager.cpp" />
  </ItemGroup>
  <ItemGroup>
    <ClInclude Include="pch.h" />
    <ClInclude Include="App.xaml.h" />
    <ClInclude Include="MainPage.xaml.h" />
    <ClInclude Include="OrderPage.xaml.h" />
    <ClInclude Include="ExpeditePage.xaml.h" />
    <ClInclude Include="DataManager.h" />
  </ItemGroup>
  <ItemGroup>
    <AppxManifest Include="Package.appxmanifest" />
  </ItemGroup>
  <ItemGroup>
    <None Include="RestaurantManager_TemporaryKey.pfx" />
  </ItemGroup>
  <ItemGroup>
    <Page Include="MainPage.xaml" />
    <Page Include="OrderPage.xaml" />
    <Page Include="ExpeditePage.xaml" />
    <Page Include="Styles.xaml" />
  </ItemGroup>
  <ItemGroup>
    <Image Include="Assets\LargeSquareLogo.png">
      <Filter>Assets</Filter>
    </Image>
    <Image Include="Assets\SmallSquareLogo.png">
      <Filter>Assets</Filter>
    </Image>
    <Image Include="Assets\SplashScreen.png">
      <Filter>Assets</Filter>
    </Image>
    <Image Include="Assets\StoreLogo.png">
      <Filter>Assets</Filter>
    </Image>
  </ItemGroup>
</Project>